
Microsoft Visual Studio Solution File, Format Version 12.00
# Visual Studio 15
VisualStudioVersion = 15.0.26124.0
MinimumVisualStudioVersion = 15.0.26124.0
Project("{FAE04EC0-301F-11D3-BF4B-00C04F79EFBC}") = "R5T.Southampton.Glyfada.Construction", "R5T.Southampton.Glyfada.Construction\R5T.Southampton.Glyfada.Construction.csproj", "{53B1B22E-8334-452B-A226-8EA3E8B907C1}"
EndProject
Project("{FAE04EC0-301F-11D3-BF4B-00C04F79EFBC}") = "R5T.Southampton.Glyfada", "R5T.Southampton.Glyfada\R5T.Southampton.Glyfada.csproj", "{E5A393E5-9538-4DB6-BF99-2EBC967D4FA8}"
EndProject
Project("{FAE04EC0-301F-11D3-BF4B-00C04F79EFBC}") = "R5T.Southampton.Glyfada.Testing", "R5T.Southampton.Glyfada.Testing\R5T.Southampton.Glyfada.Testing.csproj", "{29DFC255-C2BF-4EED-8BBD-285193CE6B52}"
EndProject
Global
	GlobalSection(SolutionConfigurationPlatforms) = preSolution
		Debug|Any CPU = Debug|Any CPU
		Debug|x64 = Debug|x64
		Debug|x86 = Debug|x86
		Release|Any CPU = Release|Any CPU
		Release|x64 = Release|x64
		Release|x86 = Release|x86
	EndGlobalSection
	GlobalSection(SolutionProperties) = preSolution
		HideSolutionNode = FALSE
	EndGlobalSection
	GlobalSection(ProjectConfigurationPlatforms) = postSolution
		{53B1B22E-8334-452B-A226-8EA3E8B907C1}.Debug|Any CPU.ActiveCfg = Debug|Any CPU
		{53B1B22E-8334-452B-A226-8EA3E8B907C1}.Debug|Any CPU.Build.0 = Debug|Any CPU
		{53B1B22E-8334-452B-A226-8EA3E8B907C1}.Debug|x64.ActiveCfg = Debug|Any CPU
		{53B1B22E-8334-452B-A226-8EA3E8B907C1}.Debug|x64.Build.0 = Debug|Any CPU
		{53B1B22E-8334-452B-A226-8EA3E8B907C1}.Debug|x86.ActiveCfg = Debug|Any CPU
		{53B1B22E-8334-452B-A226-8EA3E8B907C1}.Debug|x86.Build.0 = Debug|Any CPU
		{53B1B22E-8334-452B-A226-8EA3E8B907C1}.Release|Any CPU.ActiveCfg = Release|Any CPU
		{53B1B22E-8334-452B-A226-8EA3E8B907C1}.Release|Any CPU.Build.0 = Release|Any CPU
		{53B1B22E-8334-452B-A226-8EA3E8B907C1}.Release|x64.ActiveCfg = Release|Any CPU
		{53B1B22E-8334-452B-A226-8EA3E8B907C1}.Release|x64.Build.0 = Release|Any CPU
		{53B1B22E-8334-452B-A226-8EA3E8B907C1}.Release|x86.ActiveCfg = Release|Any CPU
		{53B1B22E-8334-452B-A226-8EA3E8B907C1}.Release|x86.Build.0 = Release|Any CPU
		{E5A393E5-9538-4DB6-BF99-2EBC967D4FA8}.Debug|Any CPU.ActiveCfg = Debug|Any CPU
		{E5A393E5-9538-4DB6-BF99-2EBC967D4FA8}.Debug|Any CPU.Build.0 = Debug|Any CPU
		{E5A393E5-9538-4DB6-BF99-2EBC967D4FA8}.Debug|x64.ActiveCfg = Debug|Any CPU
		{E5A393E5-9538-4DB6-BF99-2EBC967D4FA8}.Debug|x64.Build.0 = Debug|Any CPU
		{E5A393E5-9538-4DB6-BF99-2EBC967D4FA8}.Debug|x86.ActiveCfg = Debug|Any CPU
		{E5A393E5-9538-4DB6-BF99-2EBC967D4FA8}.Debug|x86.Build.0 = Debug|Any CPU
		{E5A393E5-9538-4DB6-BF99-2EBC967D4FA8}.Release|Any CPU.ActiveCfg = Release|Any CPU
		{E5A393E5-9538-4DB6-BF99-2EBC967D4FA8}.Release|Any CPU.Build.0 = Release|Any CPU
		{E5A393E5-9538-4DB6-BF99-2EBC967D4FA8}.Release|x64.ActiveCfg = Release|Any CPU
		{E5A393E5-9538-4DB6-BF99-2EBC967D4FA8}.Release|x64.Build.0 = Release|Any CPU
		{E5A393E5-9538-4DB6-BF99-2EBC967D4FA8}.Release|x86.ActiveCfg = Release|Any CPU
		{E5A393E5-9538-4DB6-BF99-2EBC967D4FA8}.Release|x86.Build.0 = Release|Any CPU
		{29DFC255-C2BF-4EED-8BBD-285193CE6B52}.Debug|Any CPU.ActiveCfg = Debug|Any CPU
		{29DFC255-C2BF-4EED-8BBD-285193CE6B52}.Debug|Any CPU.Build.0 = Debug|Any CPU
		{29DFC255-C2BF-4EED-8BBD-285193CE6B52}.Debug|x64.ActiveCfg = Debug|Any CPU
		{29DFC255-C2BF-4EED-8BBD-285193CE6B52}.Debug|x64.Build.0 = Debug|Any CPU
		{29DFC255-C2BF-4EED-8BBD-285193CE6B52}.Debug|x86.ActiveCfg = Debug|Any CPU
		{29DFC255-C2BF-4EED-8BBD-285193CE6B52}.Debug|x86.Build.0 = Debug|Any CPU
		{29DFC255-C2BF-4EED-8BBD-285193CE6B52}.Release|Any CPU.ActiveCfg = Release|Any CPU
		{29DFC255-C2BF-4EED-8BBD-285193CE6B52}.Release|Any CPU.Build.0 = Release|Any CPU
		{29DFC255-C2BF-4EED-8BBD-285193CE6B52}.Release|x64.ActiveCfg = Release|Any CPU
		{29DFC255-C2BF-4EED-8BBD-285193CE6B52}.Release|x64.Build.0 = Release|Any CPU
		{29DFC255-C2BF-4EED-8BBD-285193CE6B52}.Release|x86.ActiveCfg = Release|Any CPU
		{29DFC255-C2BF-4EED-8BBD-285193CE6B52}.Release|x86.Build.0 = Release|Any CPU
	EndGlobalSection
EndGlobal
